
Microsoft Visual Studio Solution File, Format Version 12.00
# Visual Studio Version 17
VisualStudioVersion = 17.8.34525.116
MinimumVisualStudioVersion = 10.0.40219.1
Project("{FAE04EC0-301F-11D3-BF4B-00C04F79EFBC}") = "PCCO 104-Visual Studio-Diaz", "PCCO 104-Visual Studio-Diaz\PCCO 104-Visual Studio-Diaz.csproj", "{FD40CFB5-253C-499B-9559-E72D6B52843B}"
EndProject
Global
	GlobalSection(SolutionConfigurationPlatforms) = preSolution
		Debug|Any CPU = Debug|Any CPU
		Release|Any CPU = Release|Any CPU
	EndGlobalSection
	GlobalSection(ProjectConfigurationPlatforms) = postSolution
		{FD40CFB5-253C-499B-9559-E72D6B52843B}.Debug|Any CPU.ActiveCfg = Debug|Any CPU
		{FD40CFB5-253C-499B-9559-E72D6B52843B}.Debug|Any CPU.Build.0 = Debug|Any CPU
		{FD40CFB5-253C-499B-9559-E72D6B52843B}.Release|Any CPU.ActiveCfg = Release|Any CPU
		{FD40CFB5-253C-499B-9559-E72D6B52843B}.Release|Any CPU.Build.0 = Release|Any CPU
	EndGlobalSection
	GlobalSection(SolutionProperties) = preSolution
		HideSolutionNode = FALSE
	EndGlobalSection
	GlobalSection(ExtensibilityGlobals) = postSolution
		SolutionGuid = {CE02DB30-C2DF-4CCA-AA10-82B0FDF0C6EC}
	EndGlobalSection
EndGlobal
